
Microsoft Visual Studio Solution File, Format Version 12.00
# Visual Studio Version 17
VisualStudioVersion = 17.8.34511.84
MinimumVisualStudioVersion = 10.0.40219.1
Project("{9A19103F-16F7-4668-BE54-9A1E7A4F7556}") = "StockFolio", "StockFolio\StockFolio.csproj", "{95DFF362-9783-48B8-A4C0-554654EA54B5}"
EndProject
Project("{FAE04EC0-301F-11D3-BF4B-00C04F79EFBC}") = "StockFolioTest", "StockFolioTest\StockFolioTest.csproj", "{AC24A87D-2784-47A0-9535-F3A7DA288FDD}"
EndProject
Global
	GlobalSection(SolutionConfigurationPlatforms) = preSolution
		Debug|Any CPU = Debug|Any CPU
		Release|Any CPU = Release|Any CPU
	EndGlobalSection
	GlobalSection(ProjectConfigurationPlatforms) = postSolution
		{95DFF362-9783-48B8-A4C0-554654EA54B5}.Debug|Any CPU.ActiveCfg = Debug|Any CPU
		{95DFF362-9783-48B8-A4C0-554654EA54B5}.Debug|Any CPU.Build.0 = Debug|Any CPU
		{95DFF362-9783-48B8-A4C0-554654EA54B5}.Release|Any CPU.ActiveCfg = Release|Any CPU
		{95DFF362-9783-48B8-A4C0-554654EA54B5}.Release|Any CPU.Build.0 = Release|Any CPU
		{AC24A87D-2784-47A0-9535-F3A7DA288FDD}.Debug|Any CPU.ActiveCfg = Debug|Any CPU
		{AC24A87D-2784-47A0-9535-F3A7DA288FDD}.Debug|Any CPU.Build.0 = Debug|Any CPU
		{AC24A87D-2784-47A0-9535-F3A7DA288FDD}.Release|Any CPU.ActiveCfg = Release|Any CPU
		{AC24A87D-2784-47A0-9535-F3A7DA288FDD}.Release|Any CPU.Build.0 = Release|Any CPU
	EndGlobalSection
	GlobalSection(SolutionProperties) = preSolution
		HideSolutionNode = FALSE
	EndGlobalSection
	GlobalSection(ExtensibilityGlobals) = postSolution
		SolutionGuid = {FE53227D-8E52-4CA4-B25B-40DBCFBABC73}
	EndGlobalSection
EndGlobal
